{
  "pins" : [
    {
      "identity" : "swift-syntax",
      "kind" : "remoteSourceControl",
      "location" : "https://github.com/apple/swift-syntax.git",
      "state" : {
        "revision" : "2e3c42cf38defd998c87ecfe8df138f925d22736",
        "version" : "509.0.0-swift-DEVELOPMENT-SNAPSHOT-2023-08-15-a"
      }
    }
  ],
  "version" : 2
}
