// !$*UTF8*$!
{
	archiveVersion = 1;
	classes = {
	};
	objectVersion = 56;
	objects = {

/* Begin PBXBuildFile section */
		D77DAF7129FAA148007195DB /* App.swift in Sources */ = {isa = PBXBuildFile; fileRef = D77DAF7029FAA148007195DB /* App.swift */; };
		D77DAF7529FAA149007195DB /* Assets.xcassets in Resources */ = {isa = PBXBuildFile; fileRef = D77DAF7429FAA149007195DB /* Assets.xcassets */; };
		D77DAF7929FAA149007195DB /* Preview Assets.xcassets in Resources */ = {isa = PBXBuildFile; fileRef = D77DAF7829FAA149007195DB /* Preview Assets.xcassets */; };
		D77DAF8329FAA14A007195DB /* DroidKaigi2023Tests.swift in Sources */ = {isa = PBXBuildFile; fileRef = D77DAF8229FAA14A007195DB /* DroidKaigi2023Tests.swift */; };
		D77DAF8D29FAA14A007195DB /* DroidKaigi2023UITests.swift in Sources */ = {isa = PBXBuildFile; fileRef = D77DAF8C29FAA14A007195DB /* DroidKaigi2023UITests.swift */; };
		D77DAF8F29FAA14A007195DB /* DroidKaigi2023UITestsLaunchTests.swift in Sources */ = {isa = PBXBuildFile; fileRef = D77DAF8E29FAA14A007195DB /* DroidKaigi2023UITestsLaunchTests.swift */; };
		E8BCCCE72A8011E8004010F7 /* Modules in Resources */ = {isa = PBXBuildFile; fileRef = E8BCCCE62A8011E8004010F7 /* Modules */; };
		E8BCCCEC2A80123E004010F7 /* Navigation in Frameworks */ = {isa = PBXBuildFile; productRef = E8BCCCEB2A80123E004010F7 /* Navigation */; };
		E8BCCCF02A80126D004010F7 /* ci_pre_xcodebuild.sh in Resources */ = {isa = PBXBuildFile; fileRef = E8BCCCEE2A80126D004010F7 /* ci_pre_xcodebuild.sh */; };
		E8BCCCF12A80126D004010F7 /* ci_post_clone.sh in Resources */ = {isa = PBXBuildFile; fileRef = E8BCCCEF2A80126D004010F7 /* ci_post_clone.sh */; };
/* End PBXBuildFile section */

/* Begin PBXContainerItemProxy section */
		D77DAF7F29FAA14A007195DB /* PBXContainerItemProxy */ = {
			isa = PBXContainerItemProxy;
			containerPortal = D77DAF6529FAA148007195DB /* Project object */;
			proxyType = 1;
			remoteGlobalIDString = D77DAF6C29FAA148007195DB;
			remoteInfo = DroidKaigi2023;
		};
		D77DAF8929FAA14A007195DB /* PBXContainerItemProxy */ = {
			isa = PBXContainerItemProxy;
			containerPortal = D77DAF6529FAA148007195DB /* Project object */;
			proxyType = 1;
			remoteGlobalIDString = D77DAF6C29FAA148007195DB;
			remoteInfo = DroidKaigi2023;
		};
/* End PBXContainerItemProxy section */

/* Begin PBXFileReference section */
		D77DAF6D29FAA148007195DB /* DroidKaigi2023.app */ = {isa = PBXFileReference; explicitFileType = wrapper.application; includeInIndex = 0; path = DroidKaigi2023.app; sourceTree = BUILT_PRODUCTS_DIR; };
		D77DAF7029FAA148007195DB /* App.swift */ = {isa = PBXFileReference; lastKnownFileType = sourcecode.swift; path = App.swift; sourceTree = "<group>"; };
		D77DAF7429FAA149007195DB /* Assets.xcassets */ = {isa = PBXFileReference; lastKnownFileType = folder.assetcatalog; path = Assets.xcassets; sourceTree = "<group>"; };
		D77DAF7629FAA149007195DB /* DroidKaigi2023.entitlements */ = {isa = PBXFileReference; lastKnownFileType = text.plist.entitlements; path = DroidKaigi2023.entitlements; sourceTree = "<group>"; };
		D77DAF7829FAA149007195DB /* Preview Assets.xcassets */ = {isa = PBXFileReference; lastKnownFileType = folder.assetcatalog; path = "Preview Assets.xcassets"; sourceTree = "<group>"; };
		D77DAF7E29FAA14A007195DB /* DroidKaigi2023Tests.xctest */ = {isa = PBXFileReference; explicitFileType = wrapper.cfbundle; includeInIndex = 0; path = DroidKaigi2023Tests.xctest; sourceTree = BUILT_PRODUCTS_DIR; };
		D77DAF8229FAA14A007195DB /* DroidKaigi2023Tests.swift */ = {isa = PBXFileReference; lastKnownFileType = sourcecode.swift; path = DroidKaigi2023Tests.swift; sourceTree = "<group>"; };
		D77DAF8829FAA14A007195DB /* DroidKaigi2023UITests.xctest */ = {isa = PBXFileReference; explicitFileType = wrapper.cfbundle; includeInIndex = 0; path = DroidKaigi2023UITests.xctest; sourceTree = BUILT_PRODUCTS_DIR; };
		D77DAF8C29FAA14A007195DB /* DroidKaigi2023UITests.swift */ = {isa = PBXFileReference; lastKnownFileType = sourcecode.swift; path = DroidKaigi2023UITests.swift; sourceTree = "<group>"; };
		D77DAF8E29FAA14A007195DB /* DroidKaigi2023UITestsLaunchTests.swift */ = {isa = PBXFileReference; lastKnownFileType = sourcecode.swift; path = DroidKaigi2023UITestsLaunchTests.swift; sourceTree = "<group>"; };
		E8BCCCE62A8011E8004010F7 /* Modules */ = {isa = PBXFileReference; lastKnownFileType = wrapper; name = Modules; path = ../../Modules; sourceTree = "<group>"; };
		E8BCCCEE2A80126D004010F7 /* ci_pre_xcodebuild.sh */ = {isa = PBXFileReference; fileEncoding = 4; lastKnownFileType = text.script.sh; path = ci_pre_xcodebuild.sh; sourceTree = "<group>"; };
		E8BCCCEF2A80126D004010F7 /* ci_post_clone.sh */ = {isa = PBXFileReference; fileEncoding = 4; lastKnownFileType = text.script.sh; path = ci_post_clone.sh; sourceTree = "<group>"; };
/* End PBXFileReference section */

/* Begin PBXFrameworksBuildPhase section */
		D77DAF6A29FAA148007195DB /* Frameworks */ = {
			isa = PBXFrameworksBuildPhase;
			buildActionMask = 2147483647;
			files = (
				E8BCCCEC2A80123E004010F7 /* Navigation in Frameworks */,
			);
			runOnlyForDeploymentPostprocessing = 0;
		};
		D77DAF7B29FAA14A007195DB /* Frameworks */ = {
			isa = PBXFrameworksBuildPhase;
			buildActionMask = 2147483647;
			files = (
			);
			runOnlyForDeploymentPostprocessing = 0;
		};
		D77DAF8529FAA14A007195DB /* Frameworks */ = {
			isa = PBXFrameworksBuildPhase;
			buildActionMask = 2147483647;
			files = (
			);
			runOnlyForDeploymentPostprocessing = 0;
		};
/* End PBXFrameworksBuildPhase section */

/* Begin PBXGroup section */
		D71E9A7C29FAB09800888B02 /* Frameworks */ = {
			isa = PBXGroup;
			children = (
			);
			name = Frameworks;
			sourceTree = "<group>";
		};
		D77DAF6429FAA148007195DB = {
			isa = PBXGroup;
			children = (
				E8BCCCED2A801257004010F7 /* ci_scripts */,
				E8BCCCE62A8011E8004010F7 /* Modules */,
				D77DAF6F29FAA148007195DB /* DroidKaigi2023 */,
				D77DAF8129FAA14A007195DB /* DroidKaigi2023Tests */,
				D77DAF8B29FAA14A007195DB /* DroidKaigi2023UITests */,
				D77DAF6E29FAA148007195DB /* Products */,
				D71E9A7C29FAB09800888B02 /* Frameworks */,
			);
			sourceTree = "<group>";
		};
		D77DAF6E29FAA148007195DB /* Products */ = {
			isa = PBXGroup;
			children = (
				D77DAF6D29FAA148007195DB /* DroidKaigi2023.app */,
				D77DAF7E29FAA14A007195DB /* DroidKaigi2023Tests.xctest */,
				D77DAF8829FAA14A007195DB /* DroidKaigi2023UITests.xctest */,
			);
			name = Products;
			sourceTree = "<group>";
		};
		D77DAF6F29FAA148007195DB /* DroidKaigi2023 */ = {
			isa = PBXGroup;
			children = (
				D77DAF7029FAA148007195DB /* App.swift */,
				D77DAF7429FAA149007195DB /* Assets.xcassets */,
				D77DAF7629FAA149007195DB /* DroidKaigi2023.entitlements */,
				D77DAF7729FAA149007195DB /* Preview Content */,
			);
			path = DroidKaigi2023;
			sourceTree = "<group>";
		};
		D77DAF7729FAA149007195DB /* Preview Content */ = {
			isa = PBXGroup;
			children = (
				D77DAF7829FAA149007195DB /* Preview Assets.xcassets */,
			);
			path = "Preview Content";
			sourceTree = "<group>";
		};
		D77DAF8129FAA14A007195DB /* DroidKaigi2023Tests */ = {
			isa = PBXGroup;
			children = (
				D77DAF8229FAA14A007195DB /* DroidKaigi2023Tests.swift */,
			);
			path = DroidKaigi2023Tests;
			sourceTree = "<group>";
		};
		D77DAF8B29FAA14A007195DB /* DroidKaigi2023UITests */ = {
			isa = PBXGroup;
			children = (
				D77DAF8C29FAA14A007195DB /* DroidKaigi2023UITests.swift */,
				D77DAF8E29FAA14A007195DB /* DroidKaigi2023UITestsLaunchTests.swift */,
			);
			path = DroidKaigi2023UITests;
			sourceTree = "<group>";
		};
		E8BCCCED2A801257004010F7 /* ci_scripts */ = {
			isa = PBXGroup;
			children = (
				E8BCCCEF2A80126D004010F7 /* ci_post_clone.sh */,
				E8BCCCEE2A80126D004010F7 /* ci_pre_xcodebuild.sh */,
			);
			path = ci_scripts;
			sourceTree = "<group>";
		};
/* End PBXGroup section */

/* Begin PBXNativeTarget section */
		D77DAF6C29FAA148007195DB /* DroidKaigi2023 */ = {
			isa = PBXNativeTarget;
			buildConfigurationList = D77DAF9229FAA14A007195DB /* Build configuration list for PBXNativeTarget "DroidKaigi2023" */;
			buildPhases = (
				D77DAF6929FAA148007195DB /* Sources */,
				D77DAF6A29FAA148007195DB /* Frameworks */,
				D77DAF6B29FAA148007195DB /* Resources */,
			);
			buildRules = (
			);
			dependencies = (
			);
			name = DroidKaigi2023;
			packageProductDependencies = (
				E8BCCCEB2A80123E004010F7 /* Navigation */,
			);
			productName = DroidKaigi2023;
			productReference = D77DAF6D29FAA148007195DB /* DroidKaigi2023.app */;
			productType = "com.apple.product-type.application";
		};
		D77DAF7D29FAA14A007195DB /* DroidKaigi2023Tests */ = {
			isa = PBXNativeTarget;
			buildConfigurationList = D77DAF9529FAA14A007195DB /* Build configuration list for PBXNativeTarget "DroidKaigi2023Tests" */;
			buildPhases = (
				D77DAF7A29FAA14A007195DB /* Sources */,
				D77DAF7B29FAA14A007195DB /* Frameworks */,
				D77DAF7C29FAA14A007195DB /* Resources */,
			);
			buildRules = (
			);
			dependencies = (
				D77DAF8029FAA14A007195DB /* PBXTargetDependency */,
			);
			name = DroidKaigi2023Tests;
			productName = DroidKaigi2023Tests;
			productReference = D77DAF7E29FAA14A007195DB /* DroidKaigi2023Tests.xctest */;
			productType = "com.apple.product-type.bundle.unit-test";
		};
		D77DAF8729FAA14A007195DB /* DroidKaigi2023UITests */ = {
			isa = PBXNativeTarget;
			buildConfigurationList = D77DAF9829FAA14A007195DB /* Build configuration list for PBXNativeTarget "DroidKaigi2023UITests" */;
			buildPhases = (
				D77DAF8429FAA14A007195DB /* Sources */,
				D77DAF8529FAA14A007195DB /* Frameworks */,
				D77DAF8629FAA14A007195DB /* Resources */,
			);
			buildRules = (
			);
			dependencies = (
				D77DAF8A29FAA14A007195DB /* PBXTargetDependency */,
			);
			name = DroidKaigi2023UITests;
			productName = DroidKaigi2023UITests;
			productReference = D77DAF8829FAA14A007195DB /* DroidKaigi2023UITests.xctest */;
			productType = "com.apple.product-type.bundle.ui-testing";
		};
/* End PBXNativeTarget section */

/* Begin PBXProject section */
		D77DAF6529FAA148007195DB /* Project object */ = {
			isa = PBXProject;
			attributes = {
				BuildIndependentTargetsInParallel = 1;
				LastSwiftUpdateCheck = 1420;
				LastUpgradeCheck = 1430;
				TargetAttributes = {
					D77DAF6C29FAA148007195DB = {
						CreatedOnToolsVersion = 14.2;
					};
					D77DAF7D29FAA14A007195DB = {
						CreatedOnToolsVersion = 14.2;
						TestTargetID = D77DAF6C29FAA148007195DB;
					};
					D77DAF8729FAA14A007195DB = {
						CreatedOnToolsVersion = 14.2;
						TestTargetID = D77DAF6C29FAA148007195DB;
					};
				};
			};
			buildConfigurationList = D77DAF6829FAA148007195DB /* Build configuration list for PBXProject "DroidKaigi2023" */;
			compatibilityVersion = "Xcode 14.0";
			developmentRegion = en;
			hasScannedForEncodings = 0;
			knownRegions = (
				en,
				Base,
			);
			mainGroup = D77DAF6429FAA148007195DB;
			packageReferences = (
			);
			productRefGroup = D77DAF6E29FAA148007195DB /* Products */;
			projectDirPath = "";
			projectRoot = "";
			targets = (
				D77DAF6C29FAA148007195DB /* DroidKaigi2023 */,
				D77DAF7D29FAA14A007195DB /* DroidKaigi2023Tests */,
				D77DAF8729FAA14A007195DB /* DroidKaigi2023UITests */,
			);
		};
/* End PBXProject section */

/* Begin PBXResourcesBuildPhase section */
		D77DAF6B29FAA148007195DB /* Resources */ = {
			isa = PBXResourcesBuildPhase;
			buildActionMask = 2147483647;
			files = (
				E8BCCCE72A8011E8004010F7 /* Modules in Resources */,
				D77DAF7929FAA149007195DB /* Preview Assets.xcassets in Resources */,
				D77DAF7529FAA149007195DB /* Assets.xcassets in Resources */,
				E8BCCCF12A80126D004010F7 /* ci_post_clone.sh in Resources */,
				E8BCCCF02A80126D004010F7 /* ci_pre_xcodebuild.sh in Resources */,
			);
			runOnlyForDeploymentPostprocessing = 0;
		};
		D77DAF7C29FAA14A007195DB /* Resources */ = {
			isa = PBXResourcesBuildPhase;
			buildActionMask = 2147483647;
			files = (
			);
			runOnlyForDeploymentPostprocessing = 0;
		};
		D77DAF8629FAA14A007195DB /* Resources */ = {
			isa = PBXResourcesBuildPhase;
			buildActionMask = 2147483647;
			files = (
			);
			runOnlyForDeploymentPostprocessing = 0;
		};
/* End PBXResourcesBuildPhase section */

/* Begin PBXSourcesBuildPhase section */
		D77DAF6929FAA148007195DB /* Sources */ = {
			isa = PBXSourcesBuildPhase;
			buildActionMask = 2147483647;
			files = (
				D77DAF7129FAA148007195DB /* App.swift in Sources */,
			);
			runOnlyForDeploymentPostprocessing = 0;
		};
		D77DAF7A29FAA14A007195DB /* Sources */ = {
			isa = PBXSourcesBuildPhase;
			buildActionMask = 2147483647;
			files = (
				D77DAF8329FAA14A007195DB /* DroidKaigi2023Tests.swift in Sources */,
			);
			runOnlyForDeploymentPostprocessing = 0;
		};
		D77DAF8429FAA14A007195DB /* Sources */ = {
			isa = PBXSourcesBuildPhase;
			buildActionMask = 2147483647;
			files = (
				D77DAF8F29FAA14A007195DB /* DroidKaigi2023UITestsLaunchTests.swift in Sources */,
				D77DAF8D29FAA14A007195DB /* DroidKaigi2023UITests.swift in Sources */,
			);
			runOnlyForDeploymentPostprocessing = 0;
		};
/* End PBXSourcesBuildPhase section */

/* Begin PBXTargetDependency section */
		D77DAF8029FAA14A007195DB /* PBXTargetDependency */ = {
			isa = PBXTargetDependency;
			target = D77DAF6C29FAA148007195DB /* DroidKaigi2023 */;
			targetProxy = D77DAF7F29FAA14A007195DB /* PBXContainerItemProxy */;
		};
		D77DAF8A29FAA14A007195DB /* PBXTargetDependency */ = {
			isa = PBXTargetDependency;
			target = D77DAF6C29FAA148007195DB /* DroidKaigi2023 */;
			targetProxy = D77DAF8929FAA14A007195DB /* PBXContainerItemProxy */;
		};
/* End PBXTargetDependency section */

/* Begin XCBuildConfiguration section */
		D77DAF9029FAA14A007195DB /* Debug */ = {
			isa = XCBuildConfiguration;
			buildSettings = {
				ALWAYS_SEARCH_USER_PATHS = NO;
				CLANG_ANALYZER_NONNULL = YES;
				CLANG_ANALYZER_NUMBER_OBJECT_CONVERSION = YES_AGGRESSIVE;
				CLANG_CXX_LANGUAGE_STANDARD = "gnu++20";
				CLANG_ENABLE_MODULES = YES;
				CLANG_ENABLE_OBJC_ARC = YES;
				CLANG_ENABLE_OBJC_WEAK = YES;
				CLANG_WARN_BLOCK_CAPTURE_AUTORELEASING = YES;
				CLANG_WARN_BOOL_CONVERSION = YES;
				CLANG_WARN_COMMA = YES;
				CLANG_WARN_CONSTANT_CONVERSION = YES;
				CLANG_WARN_DEPRECATED_OBJC_IMPLEMENTATIONS = YES;
				CLANG_WARN_DIRECT_OBJC_ISA_USAGE = YES_ERROR;
				CLANG_WARN_DOCUMENTATION_COMMENTS = YES;
				CLANG_WARN_EMPTY_BODY = YES;
				CLANG_WARN_ENUM_CONVERSION = YES;
				CLANG_WARN_INFINITE_RECURSION = YES;
				CLANG_WARN_INT_CONVERSION = YES;
				CLANG_WARN_NON_LITERAL_NULL_CONVERSION = YES;
				CLANG_WARN_OBJC_IMPLICIT_RETAIN_SELF = YES;
				CLANG_WARN_OBJC_LITERAL_CONVERSION = YES;
				CLANG_WARN_OBJC_ROOT_CLASS = YES_ERROR;
				CLANG_WARN_QUOTED_INCLUDE_IN_FRAMEWORK_HEADER = YES;
				CLANG_WARN_RANGE_LOOP_ANALYSIS = YES;
				CLANG_WARN_STRICT_PROTOTYPES = YES;
				CLANG_WARN_SUSPICIOUS_MOVE = YES;
				CLANG_WARN_UNGUARDED_AVAILABILITY = YES_AGGRESSIVE;
				CLANG_WARN_UNREACHABLE_CODE = YES;
				CLANG_WARN__DUPLICATE_METHOD_MATCH = YES;
				COPY_PHASE_STRIP = NO;
				DEBUG_INFORMATION_FORMAT = dwarf;
				ENABLE_STRICT_OBJC_MSGSEND = YES;
				ENABLE_TESTABILITY = YES;
				GCC_C_LANGUAGE_STANDARD = gnu11;
				GCC_DYNAMIC_NO_PIC = NO;
				GCC_NO_COMMON_BLOCKS = YES;
				GCC_OPTIMIZATION_LEVEL = 0;
				GCC_PREPROCESSOR_DEFINITIONS = (
					"DEBUG=1",
					"$(inherited)",
				);
				GCC_WARN_64_TO_32_BIT_CONVERSION = YES;
				GCC_WARN_ABOUT_RETURN_TYPE = YES_ERROR;
				GCC_WARN_UNDECLARED_SELECTOR = YES;
				GCC_WARN_UNINITIALIZED_AUTOS = YES_AGGRESSIVE;
				GCC_WARN_UNUSED_FUNCTION = YES;
				GCC_WARN_UNUSED_VARIABLE = YES;
				MTL_ENABLE_DEBUG_INFO = INCLUDE_SOURCE;
				MTL_FAST_MATH = YES;
				ONLY_ACTIVE_ARCH = YES;
				SDKROOT = iphoneos;
				SWIFT_ACTIVE_COMPILATION_CONDITIONS = DEBUG;
				SWIFT_OPTIMIZATION_LEVEL = "-Onone";
				SWIFT_STRICT_CONCURRENCY = complete;
			};
			name = Debug;
		};
		D77DAF9129FAA14A007195DB /* Release */ = {
			isa = XCBuildConfiguration;
			buildSettings = {
				ALWAYS_SEARCH_USER_PATHS = NO;
				CLANG_ANALYZER_NONNULL = YES;
				CLANG_ANALYZER_NUMBER_OBJECT_CONVERSION = YES_AGGRESSIVE;
				CLANG_CXX_LANGUAGE_STANDARD = "gnu++20";
				CLANG_ENABLE_MODULES = YES;
				CLANG_ENABLE_OBJC_ARC = YES;
				CLANG_ENABLE_OBJC_WEAK = YES;
				CLANG_WARN_BLOCK_CAPTURE_AUTORELEASING = YES;
				CLANG_WARN_BOOL_CONVERSION = YES;
				CLANG_WARN_COMMA = YES;
				CLANG_WARN_CONSTANT_CONVERSION = YES;
				CLANG_WARN_DEPRECATED_OBJC_IMPLEMENTATIONS = YES;
				CLANG_WARN_DIRECT_OBJC_ISA_USAGE = YES_ERROR;
				CLANG_WARN_DOCUMENTATION_COMMENTS = YES;
				CLANG_WARN_EMPTY_BODY = YES;
				CLANG_WARN_ENUM_CONVERSION = YES;
				CLANG_WARN_INFINITE_RECURSION = YES;
				CLANG_WARN_INT_CONVERSION = YES;
				CLANG_WARN_NON_LITERAL_NULL_CONVERSION = YES;
				CLANG_WARN_OBJC_IMPLICIT_RETAIN_SELF = YES;
				CLANG_WARN_OBJC_LITERAL_CONVERSION = YES;
				CLANG_WARN_OBJC_ROOT_CLASS = YES_ERROR;
				CLANG_WARN_QUOTED_INCLUDE_IN_FRAMEWORK_HEADER = YES;
				CLANG_WARN_RANGE_LOOP_ANALYSIS = YES;
				CLANG_WARN_STRICT_PROTOTYPES = YES;
				CLANG_WARN_SUSPICIOUS_MOVE = YES;
				CLANG_WARN_UNGUARDED_AVAILABILITY = YES_AGGRESSIVE;
				CLANG_WARN_UNREACHABLE_CODE = YES;
				CLANG_WARN__DUPLICATE_METHOD_MATCH = YES;
				COPY_PHASE_STRIP = NO;
				DEBUG_INFORMATION_FORMAT = "dwarf-with-dsym";
				ENABLE_NS_ASSERTIONS = NO;
				ENABLE_STRICT_OBJC_MSGSEND = YES;
				GCC_C_LANGUAGE_STANDARD = gnu11;
				GCC_NO_COMMON_BLOCKS = YES;
				GCC_WARN_64_TO_32_BIT_CONVERSION = YES;
				GCC_WARN_ABOUT_RETURN_TYPE = YES_ERROR;
				GCC_WARN_UNDECLARED_SELECTOR = YES;
				GCC_WARN_UNINITIALIZED_AUTOS = YES_AGGRESSIVE;
				GCC_WARN_UNUSED_FUNCTION = YES;
				GCC_WARN_UNUSED_VARIABLE = YES;
				MTL_ENABLE_DEBUG_INFO = NO;
				MTL_FAST_MATH = YES;
				SDKROOT = iphoneos;
				SWIFT_COMPILATION_MODE = wholemodule;
				SWIFT_OPTIMIZATION_LEVEL = "-O";
				SWIFT_STRICT_CONCURRENCY = complete;
			};
			name = Release;
		};
		D77DAF9329FAA14A007195DB /* Debug */ = {
			isa = XCBuildConfiguration;
			buildSettings = {
				ASSETCATALOG_COMPILER_APPICON_NAME = AppIcon;
				ASSETCATALOG_COMPILER_GLOBAL_ACCENT_COLOR_NAME = AccentColor;
				CODE_SIGN_ENTITLEMENTS = DroidKaigi2023/DroidKaigi2023.entitlements;
				CODE_SIGN_STYLE = Manual;
				CURRENT_PROJECT_VERSION = 1;
				DEVELOPMENT_ASSET_PATHS = "\"DroidKaigi2023/Preview Content\"";
				DEVELOPMENT_TEAM = "";
				ENABLE_PREVIEWS = YES;
				GENERATE_INFOPLIST_FILE = YES;
				"INFOPLIST_KEY_UIApplicationSceneManifest_Generation[sdk=iphoneos*]" = YES;
				"INFOPLIST_KEY_UIApplicationSceneManifest_Generation[sdk=iphonesimulator*]" = YES;
				"INFOPLIST_KEY_UIApplicationSupportsIndirectInputEvents[sdk=iphoneos*]" = YES;
				"INFOPLIST_KEY_UIApplicationSupportsIndirectInputEvents[sdk=iphonesimulator*]" = YES;
				"INFOPLIST_KEY_UILaunchScreen_Generation[sdk=iphoneos*]" = YES;
				"INFOPLIST_KEY_UILaunchScreen_Generation[sdk=iphonesimulator*]" = YES;
				"INFOPLIST_KEY_UIStatusBarStyle[sdk=iphoneos*]" = UIStatusBarStyleDefault;
				"INFOPLIST_KEY_UIStatusBarStyle[sdk=iphonesimulator*]" = UIStatusBarStyleDefault;
				INFOPLIST_KEY_UISupportedInterfaceOrientations_iPad = "UIInterfaceOrientationPortrait UIInterfaceOrientationPortraitUpsideDown UIInterfaceOrientationLandscapeLeft UIInterfaceOrientationLandscapeRight";
				INFOPLIST_KEY_UISupportedInterfaceOrientations_iPhone = "UIInterfaceOrientationPortrait UIInterfaceOrientationLandscapeLeft UIInterfaceOrientationLandscapeRight";
				IPHONEOS_DEPLOYMENT_TARGET = 16.4;
				LD_RUNPATH_SEARCH_PATHS = "@executable_path/Frameworks";
				"LD_RUNPATH_SEARCH_PATHS[sdk=macosx*]" = "@executable_path/../Frameworks";
				MACOSX_DEPLOYMENT_TARGET = 12.6;
				MARKETING_VERSION = 1.0;
				PRODUCT_BUNDLE_IDENTIFIER = io.github.droidkaigi.DroidKaigi2023;
				PRODUCT_NAME = "$(TARGET_NAME)";
				PROVISIONING_PROFILE_SPECIFIER = "";
				SDKROOT = auto;
				SUPPORTED_PLATFORMS = "iphoneos iphonesimulator";
				SUPPORTS_MACCATALYST = NO;
				SUPPORTS_MAC_DESIGNED_FOR_IPHONE_IPAD = NO;
				SWIFT_EMIT_LOC_STRINGS = YES;
				SWIFT_VERSION = 5.0;
				TARGETED_DEVICE_FAMILY = "1,2";
			};
			name = Debug;
		};
		D77DAF9429FAA14A007195DB /* Release */ = {
			isa = XCBuildConfiguration;
			buildSettings = {
				ASSETCATALOG_COMPILER_APPICON_NAME = AppIcon;
				ASSETCATALOG_COMPILER_GLOBAL_ACCENT_COLOR_NAME = AccentColor;
				CODE_SIGN_ENTITLEMENTS = DroidKaigi2023/DroidKaigi2023.entitlements;
				CODE_SIGN_STYLE = Manual;
				CURRENT_PROJECT_VERSION = 1;
				DEVELOPMENT_ASSET_PATHS = "\"DroidKaigi2023/Preview Content\"";
				DEVELOPMENT_TEAM = "";
				ENABLE_PREVIEWS = YES;
				GENERATE_INFOPLIST_FILE = YES;
				"INFOPLIST_KEY_UIApplicationSceneManifest_Generation[sdk=iphoneos*]" = YES;
				"INFOPLIST_KEY_UIApplicationSceneManifest_Generation[sdk=iphonesimulator*]" = YES;
				"INFOPLIST_KEY_UIApplicationSupportsIndirectInputEvents[sdk=iphoneos*]" = YES;
				"INFOPLIST_KEY_UIApplicationSupportsIndirectInputEvents[sdk=iphonesimulator*]" = YES;
				"INFOPLIST_KEY_UILaunchScreen_Generation[sdk=iphoneos*]" = YES;
				"INFOPLIST_KEY_UILaunchScreen_Generation[sdk=iphonesimulator*]" = YES;
				"INFOPLIST_KEY_UIStatusBarStyle[sdk=iphoneos*]" = UIStatusBarStyleDefault;
				"INFOPLIST_KEY_UIStatusBarStyle[sdk=iphonesimulator*]" = UIStatusBarStyleDefault;
				INFOPLIST_KEY_UISupportedInterfaceOrientations_iPad = "UIInterfaceOrientationPortrait UIInterfaceOrientationPortraitUpsideDown UIInterfaceOrientationLandscapeLeft UIInterfaceOrientationLandscapeRight";
				INFOPLIST_KEY_UISupportedInterfaceOrientations_iPhone = "UIInterfaceOrientationPortrait UIInterfaceOrientationLandscapeLeft UIInterfaceOrientationLandscapeRight";
				IPHONEOS_DEPLOYMENT_TARGET = 16.4;
				LD_RUNPATH_SEARCH_PATHS = "@executable_path/Frameworks";
				"LD_RUNPATH_SEARCH_PATHS[sdk=macosx*]" = "@executable_path/../Frameworks";
				MACOSX_DEPLOYMENT_TARGET = 12.6;
				MARKETING_VERSION = 1.0;
				PRODUCT_BUNDLE_IDENTIFIER = io.github.droidkaigi.DroidKaigi2023;
				PRODUCT_NAME = "$(TARGET_NAME)";
				PROVISIONING_PROFILE_SPECIFIER = "";
				SDKROOT = auto;
				SUPPORTED_PLATFORMS = "iphoneos iphonesimulator";
				SUPPORTS_MACCATALYST = NO;
				SUPPORTS_MAC_DESIGNED_FOR_IPHONE_IPAD = NO;
				SWIFT_EMIT_LOC_STRINGS = YES;
				SWIFT_VERSION = 5.0;
				TARGETED_DEVICE_FAMILY = "1,2";
			};
			name = Release;
		};
		D77DAF9629FAA14A007195DB /* Debug */ = {
			isa = XCBuildConfiguration;
			buildSettings = {
				ALWAYS_EMBED_SWIFT_STANDARD_LIBRARIES = YES;
				BUNDLE_LOADER = "$(TEST_HOST)";
				CODE_SIGN_STYLE = Automatic;
				CURRENT_PROJECT_VERSION = 1;
				GENERATE_INFOPLIST_FILE = YES;
				IPHONEOS_DEPLOYMENT_TARGET = 16.2;
				MACOSX_DEPLOYMENT_TARGET = 12.6;
				MARKETING_VERSION = 1.0;
				PRODUCT_BUNDLE_IDENTIFIER = io.github.droidkaigi.DroidKaigi2023.DroidKaigi2023Tests;
				PRODUCT_NAME = "$(TARGET_NAME)";
				SDKROOT = auto;
				SUPPORTED_PLATFORMS = "iphoneos iphonesimulator macosx";
				SWIFT_EMIT_LOC_STRINGS = NO;
				SWIFT_VERSION = 5.0;
				TARGETED_DEVICE_FAMILY = "1,2";
				TEST_HOST = "$(BUILT_PRODUCTS_DIR)/DroidKaigi2023.app/$(BUNDLE_EXECUTABLE_FOLDER_PATH)/DroidKaigi2023";
			};
			name = Debug;
		};
		D77DAF9729FAA14A007195DB /* Release */ = {
			isa = XCBuildConfiguration;
			buildSettings = {
				ALWAYS_EMBED_SWIFT_STANDARD_LIBRARIES = YES;
				BUNDLE_LOADER = "$(TEST_HOST)";
				CODE_SIGN_STYLE = Automatic;
				CURRENT_PROJECT_VERSION = 1;
				GENERATE_INFOPLIST_FILE = YES;
				IPHONEOS_DEPLOYMENT_TARGET = 16.2;
				MACOSX_DEPLOYMENT_TARGET = 12.6;
				MARKETING_VERSION = 1.0;
				PRODUCT_BUNDLE_IDENTIFIER = io.github.droidkaigi.DroidKaigi2023.DroidKaigi2023Tests;
				PRODUCT_NAME = "$(TARGET_NAME)";
				SDKROOT = auto;
				SUPPORTED_PLATFORMS = "iphoneos iphonesimulator macosx";
				SWIFT_EMIT_LOC_STRINGS = NO;
				SWIFT_VERSION = 5.0;
				TARGETED_DEVICE_FAMILY = "1,2";
				TEST_HOST = "$(BUILT_PRODUCTS_DIR)/DroidKaigi2023.app/$(BUNDLE_EXECUTABLE_FOLDER_PATH)/DroidKaigi2023";
			};
			name = Release;
		};
		D77DAF9929FAA14A007195DB /* Debug */ = {
			isa = XCBuildConfiguration;
			buildSettings = {
				ALWAYS_EMBED_SWIFT_STANDARD_LIBRARIES = YES;
				CODE_SIGN_STYLE = Automatic;
				CURRENT_PROJECT_VERSION = 1;
				GENERATE_INFOPLIST_FILE = YES;
				IPHONEOS_DEPLOYMENT_TARGET = 16.2;
				MACOSX_DEPLOYMENT_TARGET = 12.6;
				MARKETING_VERSION = 1.0;
				PRODUCT_BUNDLE_IDENTIFIER = io.github.droidkaigi.DroidKaigi2023.DroidKaigi2023UITests;
				PRODUCT_NAME = "$(TARGET_NAME)";
				SDKROOT = auto;
				SUPPORTED_PLATFORMS = "iphoneos iphonesimulator macosx";
				SWIFT_EMIT_LOC_STRINGS = NO;
				SWIFT_VERSION = 5.0;
				TARGETED_DEVICE_FAMILY = "1,2";
				TEST_TARGET_NAME = DroidKaigi2023;
			};
			name = Debug;
		};
		D77DAF9A29FAA14A007195DB /* Release */ = {
			isa = XCBuildConfiguration;
			buildSettings = {
				ALWAYS_EMBED_SWIFT_STANDARD_LIBRARIES = YES;
				CODE_SIGN_STYLE = Automatic;
				CURRENT_PROJECT_VERSION = 1;
				GENERATE_INFOPLIST_FILE = YES;
				IPHONEOS_DEPLOYMENT_TARGET = 16.2;
				MACOSX_DEPLOYMENT_TARGET = 12.6;
				MARKETING_VERSION = 1.0;
				PRODUCT_BUNDLE_IDENTIFIER = io.github.droidkaigi.DroidKaigi2023.DroidKaigi2023UITests;
				PRODUCT_NAME = "$(TARGET_NAME)";
				SDKROOT = auto;
				SUPPORTED_PLATFORMS = "iphoneos iphonesimulator macosx";
				SWIFT_EMIT_LOC_STRINGS = NO;
				SWIFT_VERSION = 5.0;
				TARGETED_DEVICE_FAMILY = "1,2";
				TEST_TARGET_NAME = DroidKaigi2023;
			};
			name = Release;
		};
/* End XCBuildConfiguration section */

/* Begin XCConfigurationList section */
		D77DAF6829FAA148007195DB /* Build configuration list for PBXProject "DroidKaigi2023" */ = {
			isa = XCConfigurationList;
			buildConfigurations = (
				D77DAF9029FAA14A007195DB /* Debug */,
				D77DAF9129FAA14A007195DB /* Release */,
			);
			defaultConfigurationIsVisible = 0;
			defaultConfigurationName = Release;
		};
		D77DAF9229FAA14A007195DB /* Build configuration list for PBXNativeTarget "DroidKaigi2023" */ = {
			isa = XCConfigurationList;
			buildConfigurations = (
				D77DAF9329FAA14A007195DB /* Debug */,
				D77DAF9429FAA14A007195DB /* Release */,
			);
			defaultConfigurationIsVisible = 0;
			defaultConfigurationName = Release;
		};
		D77DAF9529FAA14A007195DB /* Build configuration list for PBXNativeTarget "DroidKaigi2023Tests" */ = {
			isa = XCConfigurationList;
			buildConfigurations = (
				D77DAF9629FAA14A007195DB /* Debug */,
				D77DAF9729FAA14A007195DB /* Release */,
			);
			defaultConfigurationIsVisible = 0;
			defaultConfigurationName = Release;
		};
		D77DAF9829FAA14A007195DB /* Build configuration list for PBXNativeTarget "DroidKaigi2023UITests" */ = {
			isa = XCConfigurationList;
			buildConfigurations = (
				D77DAF9929FAA14A007195DB /* Debug */,
				D77DAF9A29FAA14A007195DB /* Release */,
			);
			defaultConfigurationIsVisible = 0;
			defaultConfigurationName = Release;
		};
/* End XCConfigurationList section */

/* Begin XCSwiftPackageProductDependency section */
		E8BCCCEB2A80123E004010F7 /* Navigation */ = {
			isa = XCSwiftPackageProductDependency;
			productName = Navigation;
		};
/* End XCSwiftPackageProductDependency section */
	};
	rootObject = D77DAF6529FAA148007195DB /* Project object */;
}
